
Microsoft Visual Studio Solution File, Format Version 12.00
# Visual Studio Version 16
VisualStudioVersion = 16.0.30804.86
MinimumVisualStudioVersion = 10.0.40219.1
Project("{9A19103F-16F7-4668-BE54-9A1E7A4F7556}") = "Meetup", "Meetup\Meetup.csproj", "{81836B6E-7631-42BF-A20E-A2A410EE63F6}"
EndProject
Project("{FAE04EC0-301F-11D3-BF4B-00C04F79EFBC}") = "Meetup.Tests", "Meetup.Tests\Meetup.Tests.csproj", "{1F16C4BC-4E6F-45A5-9181-E25E1356CDA2}"
EndProject
Global
	GlobalSection(SolutionConfigurationPlatforms) = preSolution
		Debug|Any CPU = Debug|Any CPU
		Release|Any CPU = Release|Any CPU
	EndGlobalSection
	GlobalSection(ProjectConfigurationPlatforms) = postSolution
		{81836B6E-7631-42BF-A20E-A2A410EE63F6}.Debug|Any CPU.ActiveCfg = Debug|Any CPU
		{81836B6E-7631-42BF-A20E-A2A410EE63F6}.Debug|Any CPU.Build.0 = Debug|Any CPU
		{81836B6E-7631-42BF-A20E-A2A410EE63F6}.Release|Any CPU.ActiveCfg = Release|Any CPU
		{81836B6E-7631-42BF-A20E-A2A410EE63F6}.Release|Any CPU.Build.0 = Release|Any CPU
		{1F16C4BC-4E6F-45A5-9181-E25E1356CDA2}.Debug|Any CPU.ActiveCfg = Debug|Any CPU
		{1F16C4BC-4E6F-45A5-9181-E25E1356CDA2}.Debug|Any CPU.Build.0 = Debug|Any CPU
		{1F16C4BC-4E6F-45A5-9181-E25E1356CDA2}.Release|Any CPU.ActiveCfg = Release|Any CPU
		{1F16C4BC-4E6F-45A5-9181-E25E1356CDA2}.Release|Any CPU.Build.0 = Release|Any CPU
	EndGlobalSection
	GlobalSection(SolutionProperties) = preSolution
		HideSolutionNode = FALSE
	EndGlobalSection
	GlobalSection(ExtensibilityGlobals) = postSolution
		SolutionGuid = {A731941D-6EE6-4978-80D9-92FA31612325}
	EndGlobalSection
EndGlobal
